
Microsoft Visual Studio Solution File, Format Version 12.00
# Visual Studio Version 17
VisualStudioVersion = 17.9.34701.34
MinimumVisualStudioVersion = 10.0.40219.1
Project("{FAE04EC0-301F-11D3-BF4B-00C04F79EFBC}") = "Tarea 5 mongodb", "Tarea 5 mongodb\Tarea 5 mongodb.csproj", "{89D036EB-F106-4F06-9D3E-AECF31A42448}"
EndProject
Global
	GlobalSection(SolutionConfigurationPlatforms) = preSolution
		Debug|Any CPU = Debug|Any CPU
		Release|Any CPU = Release|Any CPU
	EndGlobalSection
	GlobalSection(ProjectConfigurationPlatforms) = postSolution
		{89D036EB-F106-4F06-9D3E-AECF31A42448}.Debug|Any CPU.ActiveCfg = Debug|Any CPU
		{89D036EB-F106-4F06-9D3E-AECF31A42448}.Debug|Any CPU.Build.0 = Debug|Any CPU
		{89D036EB-F106-4F06-9D3E-AECF31A42448}.Release|Any CPU.ActiveCfg = Release|Any CPU
		{89D036EB-F106-4F06-9D3E-AECF31A42448}.Release|Any CPU.Build.0 = Release|Any CPU
	EndGlobalSection
	GlobalSection(SolutionProperties) = preSolution
		HideSolutionNode = FALSE
	EndGlobalSection
	GlobalSection(ExtensibilityGlobals) = postSolution
		SolutionGuid = {833ADB2C-138F-414C-8D6D-F72666602C6A}
	EndGlobalSection
EndGlobal
